
Microsoft Visual Studio Solution File, Format Version 12.00
# Visual Studio Version 18
VisualStudioVersion = 18.1.11304.174 d18.0
MinimumVisualStudioVersion = 10.0.40219.1
Project("{FAE04EC0-301F-11D3-BF4B-00C04F79EFBC}") = "FitnessTracker.Web", "FitnessTracker.Web\FitnessTracker.Web.csproj", "{5B6A4006-95D1-478A-9964-9CA779F73DD3}"
EndProject
Project("{FAE04EC0-301F-11D3-BF4B-00C04F79EFBC}") = "FitnessTracker.Domain", "FitnessTracker.Domain\FitnessTracker.Domain.csproj", "{CB237C2D-9F13-446A-B4F4-EAED7E11EC0D}"
EndProject
Project("{FAE04EC0-301F-11D3-BF4B-00C04F79EFBC}") = "FitnessTracker.Infrastructure", "FitnessTracker.Infrastructure\FitnessTracker.Infrastructure.csproj", "{36E63F0F-3237-499B-AFCA-3EFE66BA9A52}"
EndProject
Project("{FAE04EC0-301F-11D3-BF4B-00C04F79EFBC}") = "FitnessTracker.Application", "FitnessTracker.Application\FitnessTracker.Application.csproj", "{9785F4AE-E83A-4C14-B5BA-9C536EA46A7A}"
EndProject
Global
	GlobalSection(SolutionConfigurationPlatforms) = preSolution
		Debug|Any CPU = Debug|Any CPU
		Release|Any CPU = Release|Any CPU
	EndGlobalSection
	GlobalSection(ProjectConfigurationPlatforms) = postSolution
		{5B6A4006-95D1-478A-9964-9CA779F73DD3}.Debug|Any CPU.ActiveCfg = Debug|Any CPU
		{5B6A4006-95D1-478A-9964-9CA779F73DD3}.Debug|Any CPU.Build.0 = Debug|Any CPU
		{5B6A4006-95D1-478A-9964-9CA779F73DD3}.Release|Any CPU.ActiveCfg = Release|Any CPU
		{5B6A4006-95D1-478A-9964-9CA779F73DD3}.Release|Any CPU.Build.0 = Release|Any CPU
		{CB237C2D-9F13-446A-B4F4-EAED7E11EC0D}.Debug|Any CPU.ActiveCfg = Debug|Any CPU
		{CB237C2D-9F13-446A-B4F4-EAED7E11EC0D}.Debug|Any CPU.Build.0 = Debug|Any CPU
		{CB237C2D-9F13-446A-B4F4-EAED7E11EC0D}.Release|Any CPU.ActiveCfg = Release|Any CPU
		{CB237C2D-9F13-446A-B4F4-EAED7E11EC0D}.Release|Any CPU.Build.0 = Release|Any CPU
		{36E63F0F-3237-499B-AFCA-3EFE66BA9A52}.Debug|Any CPU.ActiveCfg = Debug|Any CPU
		{36E63F0F-3237-499B-AFCA-3EFE66BA9A52}.Debug|Any CPU.Build.0 = Debug|Any CPU
		{36E63F0F-3237-499B-AFCA-3EFE66BA9A52}.Release|Any CPU.ActiveCfg = Release|Any CPU
		{36E63F0F-3237-499B-AFCA-3EFE66BA9A52}.Release|Any CPU.Build.0 = Release|Any CPU
		{9785F4AE-E83A-4C14-B5BA-9C536EA46A7A}.Debug|Any CPU.ActiveCfg = Debug|Any CPU
		{9785F4AE-E83A-4C14-B5BA-9C536EA46A7A}.Debug|Any CPU.Build.0 = Debug|Any CPU
		{9785F4AE-E83A-4C14-B5BA-9C536EA46A7A}.Release|Any CPU.ActiveCfg = Release|Any CPU
		{9785F4AE-E83A-4C14-B5BA-9C536EA46A7A}.Release|Any CPU.Build.0 = Release|Any CPU
	EndGlobalSection
	GlobalSection(SolutionProperties) = preSolution
		HideSolutionNode = FALSE
	EndGlobalSection
	GlobalSection(ExtensibilityGlobals) = postSolution
		SolutionGuid = {C7962A9A-F7CB-4BD8-A593-BEE98D104EB8}
	EndGlobalSection
EndGlobal
